// !$*UTF8*$!
{
	archiveVersion = 1;
	classes = {
	};
	objectVersion = 56;
	objects = {

/* Begin PBXBuildFile section */
		5570568E2C0023B6001D1E37 /* Constants.swift in Sources */ = {isa = PBXBuildFile; fileRef = 5570568D2C0023B6001D1E37 /* Constants.swift */; };
		557056932C002ABC001D1E37 /* HeroRow.swift in Sources */ = {isa = PBXBuildFile; fileRef = 557056922C002ABC001D1E37 /* HeroRow.swift */; };
		557056952C003F4C001D1E37 /* NavigationBarColorViewModifier.swift in Sources */ = {isa = PBXBuildFile; fileRef = 557056942C003F4C001D1E37 /* NavigationBarColorViewModifier.swift */; };
		5587C9C22BFED01B00920753 /* MarvelHeroesApp.swift in Sources */ = {isa = PBXBuildFile; fileRef = 5587C9C12BFED01B00920753 /* MarvelHeroesApp.swift */; };
		5587C9C42BFED01B00920753 /* ContentView.swift in Sources */ = {isa = PBXBuildFile; fileRef = 5587C9C32BFED01B00920753 /* ContentView.swift */; };
		5587C9C62BFED01E00920753 /* Assets.xcassets in Resources */ = {isa = PBXBuildFile; fileRef = 5587C9C52BFED01E00920753 /* Assets.xcassets */; };
		5587C9C92BFED01E00920753 /* Preview Assets.xcassets in Resources */ = {isa = PBXBuildFile; fileRef = 5587C9C82BFED01E00920753 /* Preview Assets.xcassets */; };
		5587C9D32BFED01F00920753 /* MarvelHeroesTests.swift in Sources */ = {isa = PBXBuildFile; fileRef = 5587C9D22BFED01F00920753 /* MarvelHeroesTests.swift */; };
		5587C9DD2BFED01F00920753 /* MarvelHeroesUITests.swift in Sources */ = {isa = PBXBuildFile; fileRef = 5587C9DC2BFED01F00920753 /* MarvelHeroesUITests.swift */; };
		5587C9DF2BFED01F00920753 /* MarvelHeroesUITestsLaunchTests.swift in Sources */ = {isa = PBXBuildFile; fileRef = 5587C9DE2BFED01F00920753 /* MarvelHeroesUITestsLaunchTests.swift */; };
		5587C9EC2BFED0A600920753 /* NetworkAPI.swift in Sources */ = {isa = PBXBuildFile; fileRef = 5587C9EB2BFED0A600920753 /* NetworkAPI.swift */; };
		5587C9EE2BFED24500920753 /* String+Extension.swift in Sources */ = {isa = PBXBuildFile; fileRef = 5587C9ED2BFED24500920753 /* String+Extension.swift */; };
		5587C9F02BFED69200920753 /* MarvelInfo.swift in Sources */ = {isa = PBXBuildFile; fileRef = 5587C9EF2BFED69100920753 /* MarvelInfo.swift */; };
/* End PBXBuildFile section */

/* Begin PBXContainerItemProxy section */
		5587C9CF2BFED01F00920753 /* PBXContainerItemProxy */ = {
			isa = PBXContainerItemProxy;
			containerPortal = 5587C9B62BFED01B00920753 /* Project object */;
			proxyType = 1;
			remoteGlobalIDString = 5587C9BD2BFED01B00920753;
			remoteInfo = MarvelHeroes;
		};
		5587C9D92BFED01F00920753 /* PBXContainerItemProxy */ = {
			isa = PBXContainerItemProxy;
			containerPortal = 5587C9B62BFED01B00920753 /* Project object */;
			proxyType = 1;
			remoteGlobalIDString = 5587C9BD2BFED01B00920753;
			remoteInfo = MarvelHeroes;
		};
/* End PBXContainerItemProxy section */

/* Begin PBXFileReference section */
		5570568D2C0023B6001D1E37 /* Constants.swift */ = {isa = PBXFileReference; lastKnownFileType = sourcecode.swift; path = Constants.swift; sourceTree = "<group>"; };
		557056922C002ABC001D1E37 /* HeroRow.swift */ = {isa = PBXFileReference; lastKnownFileType = sourcecode.swift; path = HeroRow.swift; sourceTree = "<group>"; };
		557056942C003F4C001D1E37 /* NavigationBarColorViewModifier.swift */ = {isa = PBXFileReference; lastKnownFileType = sourcecode.swift; path = NavigationBarColorViewModifier.swift; sourceTree = "<group>"; };
		5587C9BE2BFED01B00920753 /* MarvelHeroes.app */ = {isa = PBXFileReference; explicitFileType = wrapper.application; includeInIndex = 0; path = MarvelHeroes.app; sourceTree = BUILT_PRODUCTS_DIR; };
		5587C9C12BFED01B00920753 /* MarvelHeroesApp.swift */ = {isa = PBXFileReference; lastKnownFileType = sourcecode.swift; path = MarvelHeroesApp.swift; sourceTree = "<group>"; };
		5587C9C32BFED01B00920753 /* ContentView.swift */ = {isa = PBXFileReference; lastKnownFileType = sourcecode.swift; path = ContentView.swift; sourceTree = "<group>"; };
		5587C9C52BFED01E00920753 /* Assets.xcassets */ = {isa = PBXFileReference; lastKnownFileType = folder.assetcatalog; path = Assets.xcassets; sourceTree = "<group>"; };
		5587C9C82BFED01E00920753 /* Preview Assets.xcassets */ = {isa = PBXFileReference; lastKnownFileType = folder.assetcatalog; path = "Preview Assets.xcassets"; sourceTree = "<group>"; };
		5587C9CE2BFED01F00920753 /* MarvelHeroesTests.xctest */ = {isa = PBXFileReference; explicitFileType = wrapper.cfbundle; includeInIndex = 0; path = MarvelHeroesTests.xctest; sourceTree = BUILT_PRODUCTS_DIR; };
		5587C9D22BFED01F00920753 /* MarvelHeroesTests.swift */ = {isa = PBXFileReference; lastKnownFileType = sourcecode.swift; path = MarvelHeroesTests.swift; sourceTree = "<group>"; };
		5587C9D82BFED01F00920753 /* MarvelHeroesUITests.xctest */ = {isa = PBXFileReference; explicitFileType = wrapper.cfbundle; includeInIndex = 0; path = MarvelHeroesUITests.xctest; sourceTree = BUILT_PRODUCTS_DIR; };
		5587C9DC2BFED01F00920753 /* MarvelHeroesUITests.swift */ = {isa = PBXFileReference; lastKnownFileType = sourcecode.swift; path = MarvelHeroesUITests.swift; sourceTree = "<group>"; };
		5587C9DE2BFED01F00920753 /* MarvelHeroesUITestsLaunchTests.swift */ = {isa = PBXFileReference; lastKnownFileType = sourcecode.swift; path = MarvelHeroesUITestsLaunchTests.swift; sourceTree = "<group>"; };
		5587C9EB2BFED0A600920753 /* NetworkAPI.swift */ = {isa = PBXFileReference; lastKnownFileType = sourcecode.swift; path = NetworkAPI.swift; sourceTree = "<group>"; };
		5587C9ED2BFED24500920753 /* String+Extension.swift */ = {isa = PBXFileReference; lastKnownFileType = sourcecode.swift; path = "String+Extension.swift"; sourceTree = "<group>"; };
		5587C9EF2BFED69100920753 /* MarvelInfo.swift */ = {isa = PBXFileReference; lastKnownFileType = sourcecode.swift; path = MarvelInfo.swift; sourceTree = "<group>"; };
		55FA21252BFEDFA0004305FC /* Info.plist */ = {isa = PBXFileReference; lastKnownFileType = text.plist; path = Info.plist; sourceTree = "<group>"; };
/* End PBXFileReference section */

/* Begin PBXFrameworksBuildPhase section */
		5587C9BB2BFED01B00920753 /* Frameworks */ = {
			isa = PBXFrameworksBuildPhase;
			buildActionMask = 2147483647;
			files = (
			);
			runOnlyForDeploymentPostprocessing = 0;
		};
		5587C9CB2BFED01F00920753 /* Frameworks */ = {
			isa = PBXFrameworksBuildPhase;
			buildActionMask = 2147483647;
			files = (
			);
			runOnlyForDeploymentPostprocessing = 0;
		};
		5587C9D52BFED01F00920753 /* Frameworks */ = {
			isa = PBXFrameworksBuildPhase;
			buildActionMask = 2147483647;
			files = (
			);
			runOnlyForDeploymentPostprocessing = 0;
		};
/* End PBXFrameworksBuildPhase section */

/* Begin PBXGroup section */
		5570568F2C0027F9001D1E37 /* Helpers */ = {
			isa = PBXGroup;
			children = (
				5587C9ED2BFED24500920753 /* String+Extension.swift */,
				5570568D2C0023B6001D1E37 /* Constants.swift */,
				557056942C003F4C001D1E37 /* NavigationBarColorViewModifier.swift */,
			);
			path = Helpers;
			sourceTree = "<group>";
		};
		5587C9B52BFED01B00920753 = {
			isa = PBXGroup;
			children = (
				5587C9C02BFED01B00920753 /* MarvelHeroes */,
				5587C9D12BFED01F00920753 /* MarvelHeroesTests */,
				5587C9DB2BFED01F00920753 /* MarvelHeroesUITests */,
				5587C9BF2BFED01B00920753 /* Products */,
			);
			sourceTree = "<group>";
		};
		5587C9BF2BFED01B00920753 /* Products */ = {
			isa = PBXGroup;
			children = (
				5587C9BE2BFED01B00920753 /* MarvelHeroes.app */,
				5587C9CE2BFED01F00920753 /* MarvelHeroesTests.xctest */,
				5587C9D82BFED01F00920753 /* MarvelHeroesUITests.xctest */,
			);
			name = Products;
			sourceTree = "<group>";
		};
		5587C9C02BFED01B00920753 /* MarvelHeroes */ = {
			isa = PBXGroup;
			children = (
				55FA21252BFEDFA0004305FC /* Info.plist */,
				5587C9C12BFED01B00920753 /* MarvelHeroesApp.swift */,
				5587C9C32BFED01B00920753 /* ContentView.swift */,
				557056922C002ABC001D1E37 /* HeroRow.swift */,
				5587C9EF2BFED69100920753 /* MarvelInfo.swift */,
				5587C9EB2BFED0A600920753 /* NetworkAPI.swift */,
				5570568F2C0027F9001D1E37 /* Helpers */,
				5587C9C52BFED01E00920753 /* Assets.xcassets */,
				5587C9C72BFED01E00920753 /* Preview Content */,
			);
			path = MarvelHeroes;
			sourceTree = "<group>";
		};
		5587C9C72BFED01E00920753 /* Preview Content */ = {
			isa = PBXGroup;
			children = (
				5587C9C82BFED01E00920753 /* Preview Assets.xcassets */,
			);
			path = "Preview Content";
			sourceTree = "<group>";
		};
		5587C9D12BFED01F00920753 /* MarvelHeroesTests */ = {
			isa = PBXGroup;
			children = (
				5587C9D22BFED01F00920753 /* MarvelHeroesTests.swift */,
			);
			path = MarvelHeroesTests;
			sourceTree = "<group>";
		};
		5587C9DB2BFED01F00920753 /* MarvelHeroesUITests */ = {
			isa = PBXGroup;
			children = (
				5587C9DC2BFED01F00920753 /* MarvelHeroesUITests.swift */,
				5587C9DE2BFED01F00920753 /* MarvelHeroesUITestsLaunchTests.swift */,
			);
			path = MarvelHeroesUITests;
			sourceTree = "<group>";
		};
/* End PBXGroup section */

/* Begin PBXNativeTarget section */
		5587C9BD2BFED01B00920753 /* MarvelHeroes */ = {
			isa = PBXNativeTarget;
			buildConfigurationList = 5587C9E22BFED01F00920753 /* Build configuration list for PBXNativeTarget "MarvelHeroes" */;
			buildPhases = (
				5587C9BA2BFED01B00920753 /* Sources */,
				5587C9BB2BFED01B00920753 /* Frameworks */,
				5587C9BC2BFED01B00920753 /* Resources */,
			);
			buildRules = (
			);
			dependencies = (
			);
			name = MarvelHeroes;
			productName = MarvelHeroes;
			productReference = 5587C9BE2BFED01B00920753 /* MarvelHeroes.app */;
			productType = "com.apple.product-type.application";
		};
		5587C9CD2BFED01F00920753 /* MarvelHeroesTests */ = {
			isa = PBXNativeTarget;
			buildConfigurationList = 5587C9E52BFED01F00920753 /* Build configuration list for PBXNativeTarget "MarvelHeroesTests" */;
			buildPhases = (
				5587C9CA2BFED01F00920753 /* Sources */,
				5587C9CB2BFED01F00920753 /* Frameworks */,
				5587C9CC2BFED01F00920753 /* Resources */,
			);
			buildRules = (
			);
			dependencies = (
				5587C9D02BFED01F00920753 /* PBXTargetDependency */,
			);
			name = MarvelHeroesTests;
			productName = MarvelHeroesTests;
			productReference = 5587C9CE2BFED01F00920753 /* MarvelHeroesTests.xctest */;
			productType = "com.apple.product-type.bundle.unit-test";
		};
		5587C9D72BFED01F00920753 /* MarvelHeroesUITests */ = {
			isa = PBXNativeTarget;
			buildConfigurationList = 5587C9E82BFED01F00920753 /* Build configuration list for PBXNativeTarget "MarvelHeroesUITests" */;
			buildPhases = (
				5587C9D42BFED01F00920753 /* Sources */,
				5587C9D52BFED01F00920753 /* Frameworks */,
				5587C9D62BFED01F00920753 /* Resources */,
			);
			buildRules = (
			);
			dependencies = (
				5587C9DA2BFED01F00920753 /* PBXTargetDependency */,
			);
			name = MarvelHeroesUITests;
			productName = MarvelHeroesUITests;
			productReference = 5587C9D82BFED01F00920753 /* MarvelHeroesUITests.xctest */;
			productType = "com.apple.product-type.bundle.ui-testing";
		};
/* End PBXNativeTarget section */

/* Begin PBXProject section */
		5587C9B62BFED01B00920753 /* Project object */ = {
			isa = PBXProject;
			attributes = {
				BuildIndependentTargetsInParallel = 1;
				LastSwiftUpdateCheck = 1530;
				LastUpgradeCheck = 1530;
				TargetAttributes = {
					5587C9BD2BFED01B00920753 = {
						CreatedOnToolsVersion = 15.3;
					};
					5587C9CD2BFED01F00920753 = {
						CreatedOnToolsVersion = 15.3;
						TestTargetID = 5587C9BD2BFED01B00920753;
					};
					5587C9D72BFED01F00920753 = {
						CreatedOnToolsVersion = 15.3;
						TestTargetID = 5587C9BD2BFED01B00920753;
					};
				};
			};
			buildConfigurationList = 5587C9B92BFED01B00920753 /* Build configuration list for PBXProject "MarvelHeroes" */;
			compatibilityVersion = "Xcode 14.0";
			developmentRegion = en;
			hasScannedForEncodings = 0;
			knownRegions = (
				en,
				Base,
			);
			mainGroup = 5587C9B52BFED01B00920753;
			productRefGroup = 5587C9BF2BFED01B00920753 /* Products */;
			projectDirPath = "";
			projectRoot = "";
			targets = (
				5587C9BD2BFED01B00920753 /* MarvelHeroes */,
				5587C9CD2BFED01F00920753 /* MarvelHeroesTests */,
				5587C9D72BFED01F00920753 /* MarvelHeroesUITests */,
			);
		};
/* End PBXProject section */

/* Begin PBXResourcesBuildPhase section */
		5587C9BC2BFED01B00920753 /* Resources */ = {
			isa = PBXResourcesBuildPhase;
			buildActionMask = 2147483647;
			files = (
				5587C9C92BFED01E00920753 /* Preview Assets.xcassets in Resources */,
				5587C9C62BFED01E00920753 /* Assets.xcassets in Resources */,
			);
			runOnlyForDeploymentPostprocessing = 0;
		};
		5587C9CC2BFED01F00920753 /* Resources */ = {
			isa = PBXResourcesBuildPhase;
			buildActionMask = 2147483647;
			files = (
			);
			runOnlyForDeploymentPostprocessing = 0;
		};
		5587C9D62BFED01F00920753 /* Resources */ = {
			isa = PBXResourcesBuildPhase;
			buildActionMask = 2147483647;
			files = (
			);
			runOnlyForDeploymentPostprocessing = 0;
		};
/* End PBXResourcesBuildPhase section */

/* Begin PBXSourcesBuildPhase section */
		5587C9BA2BFED01B00920753 /* Sources */ = {
			isa = PBXSourcesBuildPhase;
			buildActionMask = 2147483647;
			files = (
				5587C9EE2BFED24500920753 /* String+Extension.swift in Sources */,
				5587C9F02BFED69200920753 /* MarvelInfo.swift in Sources */,
				5587C9EC2BFED0A600920753 /* NetworkAPI.swift in Sources */,
				5587C9C42BFED01B00920753 /* ContentView.swift in Sources */,
				557056952C003F4C001D1E37 /* NavigationBarColorViewModifier.swift in Sources */,
				5587C9C22BFED01B00920753 /* MarvelHeroesApp.swift in Sources */,
				5570568E2C0023B6001D1E37 /* Constants.swift in Sources */,
				557056932C002ABC001D1E37 /* HeroRow.swift in Sources */,
			);
			runOnlyForDeploymentPostprocessing = 0;
		};
		5587C9CA2BFED01F00920753 /* Sources */ = {
			isa = PBXSourcesBuildPhase;
			buildActionMask = 2147483647;
			files = (
				5587C9D32BFED01F00920753 /* MarvelHeroesTests.swift in Sources */,
			);
			runOnlyForDeploymentPostprocessing = 0;
		};
		5587C9D42BFED01F00920753 /* Sources */ = {
			isa = PBXSourcesBuildPhase;
			buildActionMask = 2147483647;
			files = (
				5587C9DD2BFED01F00920753 /* MarvelHeroesUITests.swift in Sources */,
				5587C9DF2BFED01F00920753 /* MarvelHeroesUITestsLaunchTests.swift in Sources */,
			);
			runOnlyForDeploymentPostprocessing = 0;
		};
/* End PBXSourcesBuildPhase section */

/* Begin PBXTargetDependency section */
		5587C9D02BFED01F00920753 /* PBXTargetDependency */ = {
			isa = PBXTargetDependency;
			target = 5587C9BD2BFED01B00920753 /* MarvelHeroes */;
			targetProxy = 5587C9CF2BFED01F00920753 /* PBXContainerItemProxy */;
		};
		5587C9DA2BFED01F00920753 /* PBXTargetDependency */ = {
			isa = PBXTargetDependency;
			target = 5587C9BD2BFED01B00920753 /* MarvelHeroes */;
			targetProxy = 5587C9D92BFED01F00920753 /* PBXContainerItemProxy */;
		};
/* End PBXTargetDependency section */

/* Begin XCBuildConfiguration section */
		5587C9E02BFED01F00920753 /* Debug */ = {
			isa = XCBuildConfiguration;
			buildSettings = {
				ALWAYS_SEARCH_USER_PATHS = NO;
				ASSETCATALOG_COMPILER_GENERATE_SWIFT_ASSET_SYMBOL_EXTENSIONS = YES;
				CLANG_ANALYZER_NONNULL = YES;
				CLANG_ANALYZER_NUMBER_OBJECT_CONVERSION = YES_AGGRESSIVE;
				CLANG_CXX_LANGUAGE_STANDARD = "gnu++20";
				CLANG_ENABLE_MODULES = YES;
				CLANG_ENABLE_OBJC_ARC = YES;
				CLANG_ENABLE_OBJC_WEAK = YES;
				CLANG_WARN_BLOCK_CAPTURE_AUTORELEASING = YES;
				CLANG_WARN_BOOL_CONVERSION = YES;
				CLANG_WARN_COMMA = YES;
				CLANG_WARN_CONSTANT_CONVERSION = YES;
				CLANG_WARN_DEPRECATED_OBJC_IMPLEMENTATIONS = YES;
				CLANG_WARN_DIRECT_OBJC_ISA_USAGE = YES_ERROR;
				CLANG_WARN_DOCUMENTATION_COMMENTS = YES;
				CLANG_WARN_EMPTY_BODY = YES;
				CLANG_WARN_ENUM_CONVERSION = YES;
				CLANG_WARN_INFINITE_RECURSION = YES;
				CLANG_WARN_INT_CONVERSION = YES;
				CLANG_WARN_NON_LITERAL_NULL_CONVERSION = YES;
				CLANG_WARN_OBJC_IMPLICIT_RETAIN_SELF = YES;
				CLANG_WARN_OBJC_LITERAL_CONVERSION = YES;
				CLANG_WARN_OBJC_ROOT_CLASS = YES_ERROR;
				CLANG_WARN_QUOTED_INCLUDE_IN_FRAMEWORK_HEADER = YES;
				CLANG_WARN_RANGE_LOOP_ANALYSIS = YES;
				CLANG_WARN_STRICT_PROTOTYPES = YES;
				CLANG_WARN_SUSPICIOUS_MOVE = YES;
				CLANG_WARN_UNGUARDED_AVAILABILITY = YES_AGGRESSIVE;
				CLANG_WARN_UNREACHABLE_CODE = YES;
				CLANG_WARN__DUPLICATE_METHOD_MATCH = YES;
				COPY_PHASE_STRIP = NO;
				DEBUG_INFORMATION_FORMAT = dwarf;
				ENABLE_STRICT_OBJC_MSGSEND = YES;
				ENABLE_TESTABILITY = YES;
				ENABLE_USER_SCRIPT_SANDBOXING = YES;
				GCC_C_LANGUAGE_STANDARD = gnu17;
				GCC_DYNAMIC_NO_PIC = NO;
				GCC_NO_COMMON_BLOCKS = YES;
				GCC_OPTIMIZATION_LEVEL = 0;
				GCC_PREPROCESSOR_DEFINITIONS = (
					"DEBUG=1",
					"$(inherited)",
				);
				GCC_WARN_64_TO_32_BIT_CONVERSION = YES;
				GCC_WARN_ABOUT_RETURN_TYPE = YES_ERROR;
				GCC_WARN_UNDECLARED_SELECTOR = YES;
				GCC_WARN_UNINITIALIZED_AUTOS = YES_AGGRESSIVE;
				GCC_WARN_UNUSED_FUNCTION = YES;
				GCC_WARN_UNUSED_VARIABLE = YES;
				INFOPLIST_FILE = "";
				IPHONEOS_DEPLOYMENT_TARGET = 17.4;
				LOCALIZATION_PREFERS_STRING_CATALOGS = YES;
				MTL_ENABLE_DEBUG_INFO = INCLUDE_SOURCE;
				MTL_FAST_MATH = YES;
				ONLY_ACTIVE_ARCH = YES;
				SDKROOT = iphoneos;
				SWIFT_ACTIVE_COMPILATION_CONDITIONS = "DEBUG $(inherited)";
				SWIFT_OPTIMIZATION_LEVEL = "-Onone";
			};
			name = Debug;
		};
		5587C9E12BFED01F00920753 /* Release */ = {
			isa = XCBuildConfiguration;
			buildSettings = {
				ALWAYS_SEARCH_USER_PATHS = NO;
				ASSETCATALOG_COMPILER_GENERATE_SWIFT_ASSET_SYMBOL_EXTENSIONS = YES;
				CLANG_ANALYZER_NONNULL = YES;
				CLANG_ANALYZER_NUMBER_OBJECT_CONVERSION = YES_AGGRESSIVE;
				CLANG_CXX_LANGUAGE_STANDARD = "gnu++20";
				CLANG_ENABLE_MODULES = YES;
				CLANG_ENABLE_OBJC_ARC = YES;
				CLANG_ENABLE_OBJC_WEAK = YES;
				CLANG_WARN_BLOCK_CAPTURE_AUTORELEASING = YES;
				CLANG_WARN_BOOL_CONVERSION = YES;
				CLANG_WARN_COMMA = YES;
				CLANG_WARN_CONSTANT_CONVERSION = YES;
				CLANG_WARN_DEPRECATED_OBJC_IMPLEMENTATIONS = YES;
				CLANG_WARN_DIRECT_OBJC_ISA_USAGE = YES_ERROR;
				CLANG_WARN_DOCUMENTATION_COMMENTS = YES;
				CLANG_WARN_EMPTY_BODY = YES;
				CLANG_WARN_ENUM_CONVERSION = YES;
				CLANG_WARN_INFINITE_RECURSION = YES;
				CLANG_WARN_INT_CONVERSION = YES;
				CLANG_WARN_NON_LITERAL_NULL_CONVERSION = YES;
				CLANG_WARN_OBJC_IMPLICIT_RETAIN_SELF = YES;
				CLANG_WARN_OBJC_LITERAL_CONVERSION = YES;
				CLANG_WARN_OBJC_ROOT_CLASS = YES_ERROR;
				CLANG_WARN_QUOTED_INCLUDE_IN_FRAMEWORK_HEADER = YES;
				CLANG_WARN_RANGE_LOOP_ANALYSIS = YES;
				CLANG_WARN_STRICT_PROTOTYPES = YES;
				CLANG_WARN_SUSPICIOUS_MOVE = YES;
				CLANG_WARN_UNGUARDED_AVAILABILITY = YES_AGGRESSIVE;
				CLANG_WARN_UNREACHABLE_CODE = YES;
				CLANG_WARN__DUPLICATE_METHOD_MATCH = YES;
				COPY_PHASE_STRIP = NO;
				DEBUG_INFORMATION_FORMAT = "dwarf-with-dsym";
				ENABLE_NS_ASSERTIONS = NO;
				ENABLE_STRICT_OBJC_MSGSEND = YES;
				ENABLE_USER_SCRIPT_SANDBOXING = YES;
				GCC_C_LANGUAGE_STANDARD = gnu17;
				GCC_NO_COMMON_BLOCKS = YES;
				GCC_WARN_64_TO_32_BIT_CONVERSION = YES;
				GCC_WARN_ABOUT_RETURN_TYPE = YES_ERROR;
				GCC_WARN_UNDECLARED_SELECTOR = YES;
				GCC_WARN_UNINITIALIZED_AUTOS = YES_AGGRESSIVE;
				GCC_WARN_UNUSED_FUNCTION = YES;
				GCC_WARN_UNUSED_VARIABLE = YES;
				INFOPLIST_FILE = "";
				IPHONEOS_DEPLOYMENT_TARGET = 17.4;
				LOCALIZATION_PREFERS_STRING_CATALOGS = YES;
				MTL_ENABLE_DEBUG_INFO = NO;
				MTL_FAST_MATH = YES;
				SDKROOT = iphoneos;
				SWIFT_COMPILATION_MODE = wholemodule;
				VALIDATE_PRODUCT = YES;
			};
			name = Release;
		};
		5587C9E32BFED01F00920753 /* Debug */ = {
			isa = XCBuildConfiguration;
			buildSettings = {
				ASSETCATALOG_COMPILER_APPICON_NAME = AppIcon;
				ASSETCATALOG_COMPILER_GLOBAL_ACCENT_COLOR_NAME = AccentColor;
				CODE_SIGN_STYLE = Automatic;
				CURRENT_PROJECT_VERSION = 1;
				DEVELOPMENT_ASSET_PATHS = "\"MarvelHeroes/Preview Content\"";
				DEVELOPMENT_TEAM = FPH78JW9WA;
				ENABLE_PREVIEWS = YES;
				GENERATE_INFOPLIST_FILE = YES;
				INFOPLIST_FILE = MarvelHeroes/Info.plist;
				INFOPLIST_KEY_UIApplicationSceneManifest_Generation = YES;
				INFOPLIST_KEY_UIApplicationSupportsIndirectInputEvents = YES;
				INFOPLIST_KEY_UILaunchScreen_Generation = YES;
				INFOPLIST_KEY_UISupportedInterfaceOrientations_iPad = "UIInterfaceOrientationPortrait UIInterfaceOrientationPortraitUpsideDown UIInterfaceOrientationLandscapeLeft UIInterfaceOrientationLandscapeRight";
				INFOPLIST_KEY_UISupportedInterfaceOrientations_iPhone = "UIInterfaceOrientationPortrait UIInterfaceOrientationLandscapeLeft UIInterfaceOrientationLandscapeRight";
				LD_RUNPATH_SEARCH_PATHS = (
					"$(inherited)",
					"@executable_path/Frameworks",
				);
				MARKETING_VERSION = 1.0;
				PRODUCT_BUNDLE_IDENTIFIER = com.israelmesquita.MarvelHeroes;
				PRODUCT_NAME = "$(TARGET_NAME)";
				SWIFT_EMIT_LOC_STRINGS = YES;
				SWIFT_VERSION = 5.0;
				TARGETED_DEVICE_FAMILY = "1,2";
			};
			name = Debug;
		};
		5587C9E42BFED01F00920753 /* Release */ = {
			isa = XCBuildConfiguration;
			buildSettings = {
				ASSETCATALOG_COMPILER_APPICON_NAME = AppIcon;
				ASSETCATALOG_COMPILER_GLOBAL_ACCENT_COLOR_NAME = AccentColor;
				CODE_SIGN_STYLE = Automatic;
				CURRENT_PROJECT_VERSION = 1;
				DEVELOPMENT_ASSET_PATHS = "\"MarvelHeroes/Preview Content\"";
				DEVELOPMENT_TEAM = FPH78JW9WA;
				ENABLE_PREVIEWS = YES;
				GENERATE_INFOPLIST_FILE = YES;
				INFOPLIST_FILE = MarvelHeroes/Info.plist;
				INFOPLIST_KEY_UIApplicationSceneManifest_Generation = YES;
				INFOPLIST_KEY_UIApplicationSupportsIndirectInputEvents = YES;
				INFOPLIST_KEY_UILaunchScreen_Generation = YES;
				INFOPLIST_KEY_UISupportedInterfaceOrientations_iPad = "UIInterfaceOrientationPortrait UIInterfaceOrientationPortraitUpsideDown UIInterfaceOrientationLandscapeLeft UIInterfaceOrientationLandscapeRight";
				INFOPLIST_KEY_UISupportedInterfaceOrientations_iPhone = "UIInterfaceOrientationPortrait UIInterfaceOrientationLandscapeLeft UIInterfaceOrientationLandscapeRight";
				LD_RUNPATH_SEARCH_PATHS = (
					"$(inherited)",
					"@executable_path/Frameworks",
				);
				MARKETING_VERSION = 1.0;
				PRODUCT_BUNDLE_IDENTIFIER = com.israelmesquita.MarvelHeroes;
				PRODUCT_NAME = "$(TARGET_NAME)";
				SWIFT_EMIT_LOC_STRINGS = YES;
				SWIFT_VERSION = 5.0;
				TARGETED_DEVICE_FAMILY = "1,2";
			};
			name = Release;
		};
		5587C9E62BFED01F00920753 /* Debug */ = {
			isa = XCBuildConfiguration;
			buildSettings = {
				ALWAYS_EMBED_SWIFT_STANDARD_LIBRARIES = YES;
				BUNDLE_LOADER = "$(TEST_HOST)";
				CODE_SIGN_STYLE = Automatic;
				CURRENT_PROJECT_VERSION = 1;
				DEVELOPMENT_TEAM = FPH78JW9WA;
				GENERATE_INFOPLIST_FILE = YES;
				IPHONEOS_DEPLOYMENT_TARGET = 17.4;
				MARKETING_VERSION = 1.0;
				PRODUCT_BUNDLE_IDENTIFIER = com.israelmesquita.MarvelHeroesTests;
				PRODUCT_NAME = "$(TARGET_NAME)";
				SWIFT_EMIT_LOC_STRINGS = NO;
				SWIFT_VERSION = 5.0;
				TARGETED_DEVICE_FAMILY = "1,2";
				TEST_HOST = "$(BUILT_PRODUCTS_DIR)/MarvelHeroes.app/$(BUNDLE_EXECUTABLE_FOLDER_PATH)/MarvelHeroes";
			};
			name = Debug;
		};
		5587C9E72BFED01F00920753 /* Release */ = {
			isa = XCBuildConfiguration;
			buildSettings = {
				ALWAYS_EMBED_SWIFT_STANDARD_LIBRARIES = YES;
				BUNDLE_LOADER = "$(TEST_HOST)";
				CODE_SIGN_STYLE = Automatic;
				CURRENT_PROJECT_VERSION = 1;
				DEVELOPMENT_TEAM = FPH78JW9WA;
				GENERATE_INFOPLIST_FILE = YES;
				IPHONEOS_DEPLOYMENT_TARGET = 17.4;
				MARKETING_VERSION = 1.0;
				PRODUCT_BUNDLE_IDENTIFIER = com.israelmesquita.MarvelHeroesTests;
				PRODUCT_NAME = "$(TARGET_NAME)";
				SWIFT_EMIT_LOC_STRINGS = NO;
				SWIFT_VERSION = 5.0;
				TARGETED_DEVICE_FAMILY = "1,2";
				TEST_HOST = "$(BUILT_PRODUCTS_DIR)/MarvelHeroes.app/$(BUNDLE_EXECUTABLE_FOLDER_PATH)/MarvelHeroes";
			};
			name = Release;
		};
		5587C9E92BFED01F00920753 /* Debug */ = {
			isa = XCBuildConfiguration;
			buildSettings = {
				ALWAYS_EMBED_SWIFT_STANDARD_LIBRARIES = YES;
				CODE_SIGN_STYLE = Automatic;
				CURRENT_PROJECT_VERSION = 1;
				DEVELOPMENT_TEAM = FPH78JW9WA;
				GENERATE_INFOPLIST_FILE = YES;
				MARKETING_VERSION = 1.0;
				PRODUCT_BUNDLE_IDENTIFIER = com.israelmesquita.MarvelHeroesUITests;
				PRODUCT_NAME = "$(TARGET_NAME)";
				SWIFT_EMIT_LOC_STRINGS = NO;
				SWIFT_VERSION = 5.0;
				TARGETED_DEVICE_FAMILY = "1,2";
				TEST_TARGET_NAME = MarvelHeroes;
			};
			name = Debug;
		};
		5587C9EA2BFED01F00920753 /* Release */ = {
			isa = XCBuildConfiguration;
			buildSettings = {
				ALWAYS_EMBED_SWIFT_STANDARD_LIBRARIES = YES;
				CODE_SIGN_STYLE = Automatic;
				CURRENT_PROJECT_VERSION = 1;
				DEVELOPMENT_TEAM = FPH78JW9WA;
				GENERATE_INFOPLIST_FILE = YES;
				MARKETING_VERSION = 1.0;
				PRODUCT_BUNDLE_IDENTIFIER = com.israelmesquita.MarvelHeroesUITests;
				PRODUCT_NAME = "$(TARGET_NAME)";
				SWIFT_EMIT_LOC_STRINGS = NO;
				SWIFT_VERSION = 5.0;
				TARGETED_DEVICE_FAMILY = "1,2";
				TEST_TARGET_NAME = MarvelHeroes;
			};
			name = Release;
		};
/* End XCBuildConfiguration section */

/* Begin XCConfigurationList section */
		5587C9B92BFED01B00920753 /* Build configuration list for PBXProject "MarvelHeroes" */ = {
			isa = XCConfigurationList;
			buildConfigurations = (
				5587C9E02BFED01F00920753 /* Debug */,
				5587C9E12BFED01F00920753 /* Release */,
			);
			defaultConfigurationIsVisible = 0;
			defaultConfigurationName = Release;
		};
		5587C9E22BFED01F00920753 /* Build configuration list for PBXNativeTarget "MarvelHeroes" */ = {
			isa = XCConfigurationList;
			buildConfigurations = (
				5587C9E32BFED01F00920753 /* Debug */,
				5587C9E42BFED01F00920753 /* Release */,
			);
			defaultConfigurationIsVisible = 0;
			defaultConfigurationName = Release;
		};
		5587C9E52BFED01F00920753 /* Build configuration list for PBXNativeTarget "MarvelHeroesTests" */ = {
			isa = XCConfigurationList;
			buildConfigurations = (
				5587C9E62BFED01F00920753 /* Debug */,
				5587C9E72BFED01F00920753 /* Release */,
			);
			defaultConfigurationIsVisible = 0;
			defaultConfigurationName = Release;
		};
		5587C9E82BFED01F00920753 /* Build configuration list for PBXNativeTarget "MarvelHeroesUITests" */ = {
			isa = XCConfigurationList;
			buildConfigurations = (
				5587C9E92BFED01F00920753 /* Debug */,
				5587C9EA2BFED01F00920753 /* Release */,
			);
			defaultConfigurationIsVisible = 0;
			defaultConfigurationName = Release;
		};
/* End XCConfigurationList section */
	};
	rootObject = 5587C9B62BFED01B00920753 /* Project object */;
}
